PODS:
  - Applozic (6.14.1):
    - SDWebImage (~> 5.0.6)
  - ApplozicSwift (3.0.0):
    - ApplozicSwift/Complete (= 3.0.0)
  - ApplozicSwift/Complete (3.0.0):
    - Applozic (~> 6.14.1)
    - ApplozicSwift/RichMessageKit
    - Kingfisher (~> 5.6.0)
    - MGSwipeTableCell (~> 1.5.6)
  - ApplozicSwift/RichMessageKit (3.0.0)
  - iOSSnapshotTestCase (6.1.0):
    - iOSSnapshotTestCase/SwiftSupport (= 6.1.0)
  - iOSSnapshotTestCase/Core (6.1.0)
  - iOSSnapshotTestCase/SwiftSupport (6.1.0):
    - iOSSnapshotTestCase/Core
  - Kingfisher (5.6.0)
  - MGSwipeTableCell (1.5.6)
  - Nimble (8.0.2)
  - Nimble-Snapshots (8.0.0):
    - Nimble-Snapshots/Core (= 8.0.0)
  - Nimble-Snapshots/Core (8.0.0):
    - iOSSnapshotTestCase (~> 6.0)
    - Nimble (~> 8.0)
  - Quick (2.1.0)
  - SDWebImage (5.0.6):
    - SDWebImage/Core (= 5.0.6)
  - SDWebImage/Core (5.0.6)
  - SwiftLint (0.35.0)

DEPENDENCIES:
  - Applozic (from `https://github.com/AppLozic/Applozic-Chat-iOS-Framework.git`, branch `reply-api`)
  - ApplozicSwift (from `../ApplozicSwift.podspec`)
  - Nimble
  - Nimble-Snapshots
  - Quick
  - SwiftLint

SPEC REPOS:
  https://github.com/cocoapods/specs.git:
    - iOSSnapshotTestCase
    - Kingfisher
    - MGSwipeTableCell
    - Nimble
    - Nimble-Snapshots
    - Quick
    - SDWebImage
    - SwiftLint

EXTERNAL SOURCES:
  Applozic:
    :branch: reply-api
    :git: https://github.com/AppLozic/Applozic-Chat-iOS-Framework.git
  ApplozicSwift:
    :path: "../ApplozicSwift.podspec"

CHECKOUT OPTIONS:
  Applozic:
    :commit: 4b586e1c6a1dd17a5605d775bcb87310189013ff
    :git: https://github.com/AppLozic/Applozic-Chat-iOS-Framework.git

SPEC CHECKSUMS:
  Applozic: 78e184457f5b9ce638d4c24eb085b6c485da8793
  ApplozicSwift: 59ff2807a886637daaa86ce58ce853f5ee79080c
  iOSSnapshotTestCase: 30d540b0c8feb9d7f8ff97acc25a3804b48ee264
  Kingfisher: 1a50df6880a60bae26f3e21a0df3d17b892f5e0b
  MGSwipeTableCell: 616700eb0ffd1c611ba909066cb7fd739790a0a7
  Nimble: 622629381bda1dd5678162f21f1368cec7cbba60
  Nimble-Snapshots: 8ec63f41ce6c7229a17be9a64edbc123b181f75b
  Quick: 4be43f6634acfa727dd106bdf3929ce125ffa79d
  SDWebImage: 920f1a2ff1ca8296ad34f6e0510a1ef1d70ac965
  SwiftLint: 5553187048b900c91aa03552807681bb6b027846

PODFILE CHECKSUM: 398ed69edd00003200ddb6dd9ce45492a2fb8872

COCOAPODS: 1.5.3
