PODS:
  - Applozic (6.14.1):
    - SDWebImage (~> 5.0.6)
  - ApplozicSwift (3.0.0):
    - ApplozicSwift/Complete (= 3.0.0)
  - ApplozicSwift/Complete (3.0.0):
    - Applozic (~> 6.14.1)
    - ApplozicSwift/RichMessageKit
    - Kingfisher (~> 5.6.0)
    - MGSwipeTableCell (~> 1.5.6)
  - ApplozicSwift/RichMessageKit (3.0.0)
  - iOSSnapshotTestCase (6.2.0):
    - iOSSnapshotTestCase/SwiftSupport (= 6.2.0)
  - iOSSnapshotTestCase/Core (6.2.0)
  - iOSSnapshotTestCase/SwiftSupport (6.2.0):
    - iOSSnapshotTestCase/Core
  - Kingfisher (5.6.0)
  - MGSwipeTableCell (1.5.6)
  - Nimble (8.0.5)
  - Nimble-Snapshots (8.0.0):
    - Nimble-Snapshots/Core (= 8.0.0)
  - Nimble-Snapshots/Core (8.0.0):
    - iOSSnapshotTestCase (~> 6.0)
    - Nimble (~> 8.0)
  - Quick (2.2.0)
  - SDWebImage (5.0.6):
    - SDWebImage/Core (= 5.0.6)
  - SDWebImage/Core (5.0.6)
  - SwiftLint (0.38.0)

DEPENDENCIES:
  - Applozic (from `https://github.com/StockvivaOP/Applozic-Chat-iOS-Framework.git`, branch `feature/SV_Sprint_26`)
  - ApplozicSwift (from `../ApplozicSwift.podspec`)
  - Nimble
  - Nimble-Snapshots
  - Quick
  - SwiftLint

SPEC REPOS:
  https://github.com/CocoaPods/Specs.git:
    - iOSSnapshotTestCase
    - Kingfisher
    - MGSwipeTableCell
    - Nimble
    - Nimble-Snapshots
    - Quick
    - SDWebImage
    - SwiftLint

EXTERNAL SOURCES:
  Applozic:
    :branch: feature/SV_Sprint_26
    :git: https://github.com/StockvivaOP/Applozic-Chat-iOS-Framework.git
  ApplozicSwift:
    :path: "../ApplozicSwift.podspec"

CHECKOUT OPTIONS:
  Applozic:
    :commit: 56ac294e40107b546459e182792d9035e1f675aa
    :git: https://github.com/StockvivaOP/Applozic-Chat-iOS-Framework.git

SPEC CHECKSUMS:
  Applozic: 2b43fbc14a3fbd3cd5664c1040d1b1d86e21d3d1
  ApplozicSwift: 98c9938e2983783a782cd9854b772c247cccf7be
  iOSSnapshotTestCase: 9ab44cb5aa62b84d31847f40680112e15ec579a6
  Kingfisher: 1a50df6880a60bae26f3e21a0df3d17b892f5e0b
  MGSwipeTableCell: 616700eb0ffd1c611ba909066cb7fd739790a0a7
  Nimble: 4ab1aeb9b45553c75b9687196b0fa0713170a332
  Nimble-Snapshots: 8ec63f41ce6c7229a17be9a64edbc123b181f75b
  Quick: 7fb19e13be07b5dfb3b90d4f9824c855a11af40e
  SDWebImage: 920f1a2ff1ca8296ad34f6e0510a1ef1d70ac965
  SwiftLint: 4105f061f9812b214568b736dab580ab2c73a582

PODFILE CHECKSUM: f44caec0f7f408920fcf33d2485171cf3d5092c3

COCOAPODS: 1.8.1
